
Microsoft Visual Studio Solution File, Format Version 12.00
# Visual Studio Version 16
VisualStudioVersion = 16.0.29613.14
MinimumVisualStudioVersion = 10.0.40219.1
Project("{9A19103F-16F7-4668-BE54-9A1E7A4F7556}") = "Entities", "Entities\Entities.csproj", "{79A4421E-F1E8-4FE3-9ADA-96C65F5CC1B7}"
EndProject
Project("{9A19103F-16F7-4668-BE54-9A1E7A4F7556}") = "Entities.Test", "Entities.Test\Entities.Test.csproj", "{9BD6D800-5C34-453E-8BAF-1203173058A9}"
EndProject
Project("{9A19103F-16F7-4668-BE54-9A1E7A4F7556}") = "Extensions", "Extensions\Extensions.csproj", "{E41DB111-3C1C-4500-A49F-AAE223152723}"
EndProject
Project("{9A19103F-16F7-4668-BE54-9A1E7A4F7556}") = "HwEFCoreWebAPI", "API\HwEFCoreWebAPI.csproj", "{571241E0-E978-4D9A-83ED-87B22EFD711A}"
EndProject
Global
	GlobalSection(SolutionConfigurationPlatforms) = preSolution
		Debug|Any CPU = Debug|Any CPU
		Release|Any CPU = Release|Any CPU
	EndGlobalSection
	GlobalSection(ProjectConfigurationPlatforms) = postSolution
		{79A4421E-F1E8-4FE3-9ADA-96C65F5CC1B7}.Debug|Any CPU.ActiveCfg = Debug|Any CPU
		{79A4421E-F1E8-4FE3-9ADA-96C65F5CC1B7}.Debug|Any CPU.Build.0 = Debug|Any CPU
		{79A4421E-F1E8-4FE3-9ADA-96C65F5CC1B7}.Release|Any CPU.ActiveCfg = Release|Any CPU
		{79A4421E-F1E8-4FE3-9ADA-96C65F5CC1B7}.Release|Any CPU.Build.0 = Release|Any CPU
		{9BD6D800-5C34-453E-8BAF-1203173058A9}.Debug|Any CPU.ActiveCfg = Debug|Any CPU
		{9BD6D800-5C34-453E-8BAF-1203173058A9}.Debug|Any CPU.Build.0 = Debug|Any CPU
		{9BD6D800-5C34-453E-8BAF-1203173058A9}.Release|Any CPU.ActiveCfg = Release|Any CPU
		{9BD6D800-5C34-453E-8BAF-1203173058A9}.Release|Any CPU.Build.0 = Release|Any CPU
		{E41DB111-3C1C-4500-A49F-AAE223152723}.Debug|Any CPU.ActiveCfg = Debug|Any CPU
		{E41DB111-3C1C-4500-A49F-AAE223152723}.Debug|Any CPU.Build.0 = Debug|Any CPU
		{E41DB111-3C1C-4500-A49F-AAE223152723}.Release|Any CPU.ActiveCfg = Release|Any CPU
		{E41DB111-3C1C-4500-A49F-AAE223152723}.Release|Any CPU.Build.0 = Release|Any CPU
		{571241E0-E978-4D9A-83ED-87B22EFD711A}.Debug|Any CPU.ActiveCfg = Debug|Any CPU
		{571241E0-E978-4D9A-83ED-87B22EFD711A}.Debug|Any CPU.Build.0 = Debug|Any CPU
		{571241E0-E978-4D9A-83ED-87B22EFD711A}.Release|Any CPU.ActiveCfg = Release|Any CPU
		{571241E0-E978-4D9A-83ED-87B22EFD711A}.Release|Any CPU.Build.0 = Release|Any CPU
	EndGlobalSection
	GlobalSection(SolutionProperties) = preSolution
		HideSolutionNode = FALSE
	EndGlobalSection
	GlobalSection(ExtensibilityGlobals) = postSolution
		SolutionGuid = {F2649B70-BFDB-4D19-BA74-1AFB998F9FEE}
	EndGlobalSection
EndGlobal
